
Microsoft Visual Studio Solution File, Format Version 12.00
# Visual Studio 15
VisualStudioVersion = 15.0.28307.1169
MinimumVisualStudioVersion = 10.0.40219.1
Project("{8BC9CEB8-8B4A-11D0-8D11-00A0C91BC942}") = "string容器", "string容器\string容器.vcxproj", "{B917B120-B4A0-48B6-80ED-371DC432182C}"
EndProject
Global
	GlobalSection(SolutionConfigurationPlatforms) = preSolution
		Debug|x64 = Debug|x64
		Debug|x86 = Debug|x86
		Release|x64 = Release|x64
		Release|x86 = Release|x86
	EndGlobalSection
	GlobalSection(ProjectConfigurationPlatforms) = postSolution
		{B917B120-B4A0-48B6-80ED-371DC432182C}.Debug|x64.ActiveCfg = Debug|x64
		{B917B120-B4A0-48B6-80ED-371DC432182C}.Debug|x64.Build.0 = Debug|x64
		{B917B120-B4A0-48B6-80ED-371DC432182C}.Debug|x86.ActiveCfg = Debug|Win32
		{B917B120-B4A0-48B6-80ED-371DC432182C}.Debug|x86.Build.0 = Debug|Win32
		{B917B120-B4A0-48B6-80ED-371DC432182C}.Release|x64.ActiveCfg = Release|x64
		{B917B120-B4A0-48B6-80ED-371DC432182C}.Release|x64.Build.0 = Release|x64
		{B917B120-B4A0-48B6-80ED-371DC432182C}.Release|x86.ActiveCfg = Release|Win32
		{B917B120-B4A0-48B6-80ED-371DC432182C}.Release|x86.Build.0 = Release|Win32
	EndGlobalSection
	GlobalSection(SolutionProperties) = preSolution
		HideSolutionNode = FALSE
	EndGlobalSection
	GlobalSection(ExtensibilityGlobals) = postSolution
		SolutionGuid = {FD5FA36A-4062-4438-802A-8FD0736FABE8}
	EndGlobalSection
EndGlobal
