
Microsoft Visual Studio Solution File, Format Version 12.00
# Visual Studio 15
VisualStudioVersion = 15.0.28307.1169
MinimumVisualStudioVersion = 10.0.40219.1
Project("{8BC9CEB8-8B4A-11D0-8D11-00A0C91BC942}") = "STL(标准模板库)", "STL(标准模板库)\STL(标准模板库).vcxproj", "{A2695705-77A0-4D85-B14A-86B5BD6112B3}"
EndProject
Global
	GlobalSection(SolutionConfigurationPlatforms) = preSolution
		Debug|x64 = Debug|x64
		Debug|x86 = Debug|x86
		Release|x64 = Release|x64
		Release|x86 = Release|x86
	EndGlobalSection
	GlobalSection(ProjectConfigurationPlatforms) = postSolution
		{A2695705-77A0-4D85-B14A-86B5BD6112B3}.Debug|x64.ActiveCfg = Debug|x64
		{A2695705-77A0-4D85-B14A-86B5BD6112B3}.Debug|x64.Build.0 = Debug|x64
		{A2695705-77A0-4D85-B14A-86B5BD6112B3}.Debug|x86.ActiveCfg = Debug|Win32
		{A2695705-77A0-4D85-B14A-86B5BD6112B3}.Debug|x86.Build.0 = Debug|Win32
		{A2695705-77A0-4D85-B14A-86B5BD6112B3}.Release|x64.ActiveCfg = Release|x64
		{A2695705-77A0-4D85-B14A-86B5BD6112B3}.Release|x64.Build.0 = Release|x64
		{A2695705-77A0-4D85-B14A-86B5BD6112B3}.Release|x86.ActiveCfg = Release|Win32
		{A2695705-77A0-4D85-B14A-86B5BD6112B3}.Release|x86.Build.0 = Release|Win32
	EndGlobalSection
	GlobalSection(SolutionProperties) = preSolution
		HideSolutionNode = FALSE
	EndGlobalSection
	GlobalSection(ExtensibilityGlobals) = postSolution
		SolutionGuid = {CB6D61DF-4CA8-48F1-AF0A-3F24AB0E33D4}
	EndGlobalSection
EndGlobal
