
Microsoft Visual Studio Solution File, Format Version 12.00
# Visual Studio 15
VisualStudioVersion = 15.0.28307.1169
MinimumVisualStudioVersion = 10.0.40219.1
Project("{8BC9CEB8-8B4A-11D0-8D11-00A0C91BC942}") = "501 二叉搜索树中的众数", "501 二叉搜索树中的众数\501 二叉搜索树中的众数.vcxproj", "{1A947602-C9FD-445C-951D-E6CF5C83FC6D}"
EndProject
Global
	GlobalSection(SolutionConfigurationPlatforms) = preSolution
		Debug|x64 = Debug|x64
		Debug|x86 = Debug|x86
		Release|x64 = Release|x64
		Release|x86 = Release|x86
	EndGlobalSection
	GlobalSection(ProjectConfigurationPlatforms) = postSolution
		{1A947602-C9FD-445C-951D-E6CF5C83FC6D}.Debug|x64.ActiveCfg = Debug|x64
		{1A947602-C9FD-445C-951D-E6CF5C83FC6D}.Debug|x64.Build.0 = Debug|x64
		{1A947602-C9FD-445C-951D-E6CF5C83FC6D}.Debug|x86.ActiveCfg = Debug|Win32
		{1A947602-C9FD-445C-951D-E6CF5C83FC6D}.Debug|x86.Build.0 = Debug|Win32
		{1A947602-C9FD-445C-951D-E6CF5C83FC6D}.Release|x64.ActiveCfg = Release|x64
		{1A947602-C9FD-445C-951D-E6CF5C83FC6D}.Release|x64.Build.0 = Release|x64
		{1A947602-C9FD-445C-951D-E6CF5C83FC6D}.Release|x86.ActiveCfg = Release|Win32
		{1A947602-C9FD-445C-951D-E6CF5C83FC6D}.Release|x86.Build.0 = Release|Win32
	EndGlobalSection
	GlobalSection(SolutionProperties) = preSolution
		HideSolutionNode = FALSE
	EndGlobalSection
	GlobalSection(ExtensibilityGlobals) = postSolution
		SolutionGuid = {05D5A3F4-6092-451B-8C60-3FC69ABA711D}
	EndGlobalSection
EndGlobal
